
Microsoft Visual Studio Solution File, Format Version 12.00
# Visual Studio 2012
Project("{8BC9CEB8-8B4A-11D0-8D11-00A0C91BC942}") = "Structs", "Structs\Structs.vcxproj", "{DC671C48-1FD1-43EC-86DF-07B2811B5459}"
EndProject
Global
	GlobalSection(SolutionConfigurationPlatforms) = preSolution
		Debug|Win32 = Debug|Win32
		Release|Win32 = Release|Win32
	EndGlobalSection
	GlobalSection(ProjectConfigurationPlatforms) = postSolution
		{DC671C48-1FD1-43EC-86DF-07B2811B5459}.Debug|Win32.ActiveCfg = Debug|Win32
		{DC671C48-1FD1-43EC-86DF-07B2811B5459}.Debug|Win32.Build.0 = Debug|Win32
		{DC671C48-1FD1-43EC-86DF-07B2811B5459}.Release|Win32.ActiveCfg = Release|Win32
		{DC671C48-1FD1-43EC-86DF-07B2811B5459}.Release|Win32.Build.0 = Release|Win32
	EndGlobalSection
	GlobalSection(SolutionProperties) = preSolution
		HideSolutionNode = FALSE
	EndGlobalSection
EndGlobal
